
Microsoft Visual Studio Solution File, Format Version 12.00
# Visual Studio Version 17
VisualStudioVersion = 17.14.36518.9 d17.14
MinimumVisualStudioVersion = 10.0.40219.1
Project("{FAE04EC0-301F-11D3-BF4B-00C04F79EFBC}") = "domashno_po_shabloni", "domashno_po_shabloni\domashno_po_shabloni.csproj", "{54547DBC-DBF6-4AC0-B494-A58B74C18F18}"
EndProject
Global
	GlobalSection(SolutionConfigurationPlatforms) = preSolution
		Debug|Any CPU = Debug|Any CPU
		Release|Any CPU = Release|Any CPU
	EndGlobalSection
	GlobalSection(ProjectConfigurationPlatforms) = postSolution
		{54547DBC-DBF6-4AC0-B494-A58B74C18F18}.Debug|Any CPU.ActiveCfg = Debug|Any CPU
		{54547DBC-DBF6-4AC0-B494-A58B74C18F18}.Debug|Any CPU.Build.0 = Debug|Any CPU
		{54547DBC-DBF6-4AC0-B494-A58B74C18F18}.Release|Any CPU.ActiveCfg = Release|Any CPU
		{54547DBC-DBF6-4AC0-B494-A58B74C18F18}.Release|Any CPU.Build.0 = Release|Any CPU
	EndGlobalSection
	GlobalSection(SolutionProperties) = preSolution
		HideSolutionNode = FALSE
	EndGlobalSection
	GlobalSection(ExtensibilityGlobals) = postSolution
		SolutionGuid = {BFB3AE25-C98E-42C1-8E6F-5D450B32A7DC}
	EndGlobalSection
EndGlobal
