
Microsoft Visual Studio Solution File, Format Version 12.00
# Visual Studio Version 17
VisualStudioVersion = 17.14.36518.9 d17.14
MinimumVisualStudioVersion = 10.0.40219.1
Project("{FAE04EC0-301F-11D3-BF4B-00C04F79EFBC}") = "Builder Design Pattern", "Builder Design Pattern\Builder Design Pattern.csproj", "{14A6F007-1B9B-4803-B917-912B0F4DCCBC}"
EndProject
Global
	GlobalSection(SolutionConfigurationPlatforms) = preSolution
		Debug|Any CPU = Debug|Any CPU
		Release|Any CPU = Release|Any CPU
	EndGlobalSection
	GlobalSection(ProjectConfigurationPlatforms) = postSolution
		{14A6F007-1B9B-4803-B917-912B0F4DCCBC}.Debug|Any CPU.ActiveCfg = Debug|Any CPU
		{14A6F007-1B9B-4803-B917-912B0F4DCCBC}.Debug|Any CPU.Build.0 = Debug|Any CPU
		{14A6F007-1B9B-4803-B917-912B0F4DCCBC}.Release|Any CPU.ActiveCfg = Release|Any CPU
		{14A6F007-1B9B-4803-B917-912B0F4DCCBC}.Release|Any CPU.Build.0 = Release|Any CPU
	EndGlobalSection
	GlobalSection(SolutionProperties) = preSolution
		HideSolutionNode = FALSE
	EndGlobalSection
	GlobalSection(ExtensibilityGlobals) = postSolution
		SolutionGuid = {38B0A540-77E7-4FD8-A509-4AF504022548}
	EndGlobalSection
EndGlobal
